{
  "name": "getgoods",
  "version": "1.0.0",
  "lockfileVersion": 1,
  "requires": true,
  "dependencies": {
    "@sinonjs/formatio": {
      "version": "2.0.0",
      "resolved": "http://registry.npm.taobao.org/@sinonjs/formatio/download/@sinonjs/formatio-2.0.0.tgz",
      "integrity": "sha1-hNt+nrVTHfGKjF4L+25EnlXmVLI=",
      "requires": {
        "samsam": "1.3.0"
      }
    },
    "async": {
      "version": "2.5.0",
      "resolved": "http://registry.npm.taobao.org/async/download/async-2.5.0.tgz",
      "integrity": "sha1-hDGQ/WtzV6C54clW7d3V7IRitU0=",
      "requires": {
        "lodash": "^4.14.0"
      }
    },
    "bluebird": {
      "version": "3.5.1",
      "resolved": "http://registry.npm.taobao.org/bluebird/download/bluebird-3.5.1.tgz",
      "integrity": "sha1-2VUfnemPH82h5oPRfukaBgLuLrk="
    },
    "buffer-equal-constant-time": {
      "version": "1.0.1",
      "resolved": "http://registry.npm.taobao.org/buffer-equal-constant-time/download/buffer-equal-constant-time-1.0.1.tgz",
      "integrity": "sha1-+OcRMvf/5uAaXJaXpMbz5I1cyBk="
    },
    "build": {
      "version": "0.1.4",
      "resolved": "http://registry.npm.taobao.org/build/download/build-0.1.4.tgz",
      "integrity": "sha1-cH/gJv/O3crL/c3zVur9pk8VEEY=",
      "requires": {
        "cssmin": "0.3.x",
        "jsmin": "1.x",
        "jxLoader": "*",
        "moo-server": "*",
        "promised-io": "*",
        "timespan": "2.x",
        "uglify-js": "1.x",
        "walker": "1.x",
        "winston": "*",
        "wrench": "1.3.x"
      }
    },
    "colors": {
      "version": "1.0.3",
      "resolved": "http://registry.npm.taobao.org/colors/download/colors-1.0.3.tgz",
      "integrity": "sha1-BDP0TYCWgP3rYO0mDxsMJi6CpAs="
    },
    "connect-multiparty": {
      "version": "2.1.0",
      "resolved": "http://registry.npm.taobao.org/connect-multiparty/download/connect-multiparty-2.1.0.tgz",
      "integrity": "sha1-tWIjLqY44TIi2H57Z75Df3rYmBQ=",
      "requires": {
        "multiparty": "~4.1.3",
        "on-finished": "~2.3.0",
        "qs": "~6.5.1",
        "type-is": "~1.6.15"
      }
    },
    "cssmin": {
      "version": "0.3.2",
      "resolved": "http://registry.npm.taobao.org/cssmin/download/cssmin-0.3.2.tgz",
      "integrity": "sha1-3c5MVHtRCuDVlKjx+/iq+OLFwA0="
    },
    "cycle": {
      "version": "1.0.3",
      "resolved": "http://registry.npm.taobao.org/cycle/download/cycle-1.0.3.tgz",
      "integrity": "sha1-IegLK+hYD5i0aPN5QwZisEbDStI="
    },
    "diff": {
      "version": "3.5.0",
      "resolved": "http://registry.npm.taobao.org/diff/download/diff-3.5.0.tgz",
      "integrity": "sha1-gAwN0eCov7yVg1wgKtIg/jF+WhI="
    },
    "ecdsa-sig-formatter": {
      "version": "1.0.10",
      "resolved": "http://registry.npm.taobao.org/ecdsa-sig-formatter/download/ecdsa-sig-formatter-1.0.10.tgz",
      "integrity": "sha1-HFlQAPBKiJffuFAAiSoPTDOvhsM=",
      "requires": {
        "safe-buffer": "^5.0.1"
      }
    },
    "ee-first": {
      "version": "1.1.1",
      "resolved": "http://registry.npm.taobao.org/ee-first/download/ee-first-1.1.1.tgz",
      "integrity": "sha1-WQxhFWsK4vTwJVcyoViyZrxWsh0="
    },
    "enforce": {
      "version": "0.1.7",
      "resolved": "http://registry.npm.taobao.org/enforce/download/enforce-0.1.7.tgz",
      "integrity": "sha1-r3zdP6mCsuyq4GrntcJZUX0ivj8="
    },
    "express-jwt": {
      "version": "5.3.1",
      "resolved": "http://registry.npm.taobao.org/express-jwt/download/express-jwt-5.3.1.tgz",
      "integrity": "sha1-ZvBcfd21QJwDc0api4iWW7EOpK4=",
      "requires": {
        "async": "^1.5.0",
        "express-unless": "^0.3.0",
        "jsonwebtoken": "^8.1.0",
        "lodash.set": "^4.0.0"
      },
      "dependencies": {
        "async": {
          "version": "1.5.2",
          "resolved": "http://registry.npm.taobao.org/async/download/async-1.5.2.tgz",
          "integrity": "sha1-7GphrlZIDAw8skHJVhjiCJL5Zyo="
        },
        "jsonwebtoken": {
          "version": "8.3.0",
          "resolved": "http://registry.npm.taobao.org/jsonwebtoken/download/jsonwebtoken-8.3.0.tgz",
          "integrity": "sha1-BWyQ7ummXtbmxy3bCh0yUQmq9kM=",
          "requires": {
            "jws": "^3.1.5",
            "lodash.includes": "^4.3.0",
            "lodash.isboolean": "^3.0.3",
            "lodash.isinteger": "^4.0.4",
            "lodash.isnumber": "^3.0.3",
            "lodash.isplainobject": "^4.0.6",
            "lodash.isstring": "^4.0.1",
            "lodash.once": "^4.0.0",
            "ms": "^2.1.1"
          }
        }
      }
    },
    "express-unless": {
      "version": "0.3.1",
      "resolved": "http://registry.npm.taobao.org/express-unless/download/express-unless-0.3.1.tgz",
      "integrity": "sha1-JVfBRudb65A+LSR/m1ugFFJpbiA="
    },
    "eyes": {
      "version": "0.1.8",
      "resolved": "http://registry.npm.taobao.org/eyes/download/eyes-0.1.8.tgz",
      "integrity": "sha1-Ys8SAjTGg3hdkCNIqADvPgzCC8A="
    },
    "fd-slicer": {
      "version": "1.0.1",
      "resolved": "http://registry.npm.taobao.org/fd-slicer/download/fd-slicer-1.0.1.tgz",
      "integrity": "sha1-i1vL2ewyfFBBv5qwI/1nUPEXfmU=",
      "requires": {
        "pend": "~1.2.0"
      }
    },
    "formatio": {
      "version": "1.2.0",
      "resolved": "http://registry.npm.taobao.org/formatio/download/formatio-1.2.0.tgz",
      "integrity": "sha1-87IWfZBoxGmKjVH092CjmlTYGOs=",
      "requires": {
        "samsam": "1.x"
      }
    },
    "hat": {
      "version": "0.0.3",
      "resolved": "http://registry.npm.taobao.org/hat/download/hat-0.0.3.tgz",
      "integrity": "sha1-uwFKnmSzeIrtgAWRdBPU/z1QLYo="
    },
    "hoek": {
      "version": "2.16.3",
      "resolved": "http://registry.npm.taobao.org/hoek/download/hoek-2.16.3.tgz",
      "integrity": "sha1-ILt0A9POo5jpHcRxCo/xuCdKJe0="
    },
    "isarray": {
      "version": "0.0.1",
      "resolved": "http://registry.npm.taobao.org/isarray/download/isarray-0.0.1.tgz",
      "integrity": "sha1-ihis/Kmo9Bd+Cav8YDiTmwXR7t8="
    },
    "isemail": {
      "version": "1.2.0",
      "resolved": "http://registry.npm.taobao.org/isemail/download/isemail-1.2.0.tgz",
      "integrity": "sha1-vgPfjMPineTSxd9lASY/H6RZXpo="
    },
    "isstream": {
      "version": "0.1.2",
      "resolved": "http://registry.npm.taobao.org/isstream/download/isstream-0.1.2.tgz",
      "integrity": "sha1-R+Y/evVa+m+S4VAOaQ64uFKcCZo="
    },
    "joi": {
      "version": "6.10.1",
      "resolved": "http://registry.npm.taobao.org/joi/download/joi-6.10.1.tgz",
      "integrity": "sha1-TVDDGAeRIgAP5fFq8f+OGRe3fgY=",
      "requires": {
        "hoek": "2.x.x",
        "isemail": "1.x.x",
        "moment": "2.x.x",
        "topo": "1.x.x"
      }
    },
    "js-yaml": {
      "version": "0.3.7",
      "resolved": "http://registry.npm.taobao.org/js-yaml/download/js-yaml-0.3.7.tgz",
      "integrity": "sha1-1znY7oZGHlSzVNan19HyrZoWf2I="
    },
    "jsmin": {
      "version": "1.0.1",
      "resolved": "http://registry.npm.taobao.org/jsmin/download/jsmin-1.0.1.tgz",
      "integrity": "sha1-570NzWSWw79IYyNb9GGj2YqjuYw="
    },
    "jsonwebtoken": {
      "version": "7.4.3",
      "resolved": "http://registry.npm.taobao.org/jsonwebtoken/download/jsonwebtoken-7.4.3.tgz",
      "integrity": "sha1-d/UCHeBYtgWheD+hKD6ZgS5kVjg=",
      "requires": {
        "joi": "^6.10.1",
        "jws": "^3.1.4",
        "lodash.once": "^4.0.0",
        "ms": "^2.0.0",
        "xtend": "^4.0.1"
      }
    },
    "just-extend": {
      "version": "1.1.27",
      "resolved": "http://registry.npm.taobao.org/just-extend/download/just-extend-1.1.27.tgz",
      "integrity": "sha1-7G55QQ/5FORyZSq/oOYDwD1g6QU="
    },
    "jwa": {
      "version": "1.1.6",
      "resolved": "http://registry.npm.taobao.org/jwa/download/jwa-1.1.6.tgz",
      "integrity": "sha1-hyQOdsmAjb3hh4PPImTvSSnuUOY=",
      "requires": {
        "buffer-equal-constant-time": "1.0.1",
        "ecdsa-sig-formatter": "1.0.10",
        "safe-buffer": "^5.0.1"
      }
    },
    "jws": {
      "version": "3.1.5",
      "resolved": "http://registry.npm.taobao.org/jws/download/jws-3.1.5.tgz",
      "integrity": "sha1-gNEtBbKT0ehB58uLTmnlYa3Pg08=",
      "requires": {
        "jwa": "^1.1.5",
        "safe-buffer": "^5.0.1"
      }
    },
    "jxLoader": {
      "version": "0.1.1",
      "resolved": "http://registry.npm.taobao.org/jxLoader/download/jxLoader-0.1.1.tgz",
      "integrity": "sha1-ATTqUUTlM7WU/B/yX/GU4jXFPs0=",
      "requires": {
        "js-yaml": "0.3.x",
        "moo-server": "1.3.x",
        "promised-io": "*",
        "walker": "1.x"
      }
    },
    "lodash": {
      "version": "4.17.4",
      "resolved": "http://registry.npm.taobao.org/lodash/download/lodash-4.17.4.tgz",
      "integrity": "sha1-eCA6TRwyiuHYbcpkYONptX9AVa4="
    },
    "lodash.get": {
      "version": "4.4.2",
      "resolved": "http://registry.npm.taobao.org/lodash.get/download/lodash.get-4.4.2.tgz",
      "integrity": "sha1-LRd/ZS+jHpObRDjVNBSZ36OCXpk="
    },
    "lodash.includes": {
      "version": "4.3.0",
      "resolved": "http://registry.npm.taobao.org/lodash.includes/download/lodash.includes-4.3.0.tgz",
      "integrity": "sha1-YLuYqHy5I8aMoeUTJUgzFISfVT8="
    },
    "lodash.isboolean": {
      "version": "3.0.3",
      "resolved": "http://registry.npm.taobao.org/lodash.isboolean/download/lodash.isboolean-3.0.3.tgz",
      "integrity": "sha1-bC4XHbKiV82WgC/UOwGyDV9YcPY="
    },
    "lodash.isinteger": {
      "version": "4.0.4",
      "resolved": "http://registry.npm.taobao.org/lodash.isinteger/download/lodash.isinteger-4.0.4.tgz",
      "integrity": "sha1-YZwK89A/iwTDH1iChAt3sRzWg0M="
    },
    "lodash.isnumber": {
      "version": "3.0.3",
      "resolved": "http://registry.npm.taobao.org/lodash.isnumber/download/lodash.isnumber-3.0.3.tgz",
      "integrity": "sha1-POdoEMWSjQM1IwGsKHMX8RwLH/w="
    },
    "lodash.isplainobject": {
      "version": "4.0.6",
      "resolved": "http://registry.npm.taobao.org/lodash.isplainobject/download/lodash.isplainobject-4.0.6.tgz",
      "integrity": "sha1-fFJqUtibRcRcxpC4gWO+BJf1UMs="
    },
    "lodash.isstring": {
      "version": "4.0.1",
      "resolved": "http://registry.npm.taobao.org/lodash.isstring/download/lodash.isstring-4.0.1.tgz",
      "integrity": "sha1-1SfftUVuynzJu5XV2ur4i6VKVFE="
    },
    "lodash.once": {
      "version": "4.1.1",
      "resolved": "http://registry.npm.taobao.org/lodash.once/download/lodash.once-4.1.1.tgz",
      "integrity": "sha1-DdOXEhPHxW34gJd9UEyI+0cal6w="
    },
    "lodash.set": {
      "version": "4.3.2",
      "resolved": "http://registry.npm.taobao.org/lodash.set/download/lodash.set-4.3.2.tgz",
      "integrity": "sha1-2HV7HagH3eJIFrDWqEvqGnYjCyM="
    },
    "lolex": {
      "version": "2.7.0",
      "resolved": "http://registry.npm.taobao.org/lolex/download/lolex-2.7.0.tgz",
      "integrity": "sha1-nAh6aexEDjnT95Z2fPGyzcQ9XqU="
    },
    "makeerror": {
      "version": "1.0.11",
      "resolved": "http://registry.npm.taobao.org/makeerror/download/makeerror-1.0.11.tgz",
      "integrity": "sha1-4BpckQnyr3lmDk6LlYd5AYT1qWw=",
      "requires": {
        "tmpl": "1.0.x"
      }
    },
    "media-typer": {
      "version": "0.3.0",
      "resolved": "http://registry.npm.taobao.org/media-typer/download/media-typer-0.3.0.tgz",
      "integrity": "sha1-hxDXrwqmJvj/+hzgAWhUUmMlV0g="
    },
    "mime-db": {
      "version": "1.33.0",
      "resolved": "http://registry.npm.taobao.org/mime-db/download/mime-db-1.33.0.tgz",
      "integrity": "sha1-o0kgUKXLm2NFBUHjnZeI0icng9s="
    },
    "mime-types": {
      "version": "2.1.18",
      "resolved": "http://registry.npm.taobao.org/mime-types/download/mime-types-2.1.18.tgz",
      "integrity": "sha1-bzI/YKg9ERRvgx/xH9ZuL+VQO7g=",
      "requires": {
        "mime-db": "~1.33.0"
      }
    },
    "moment": {
      "version": "2.22.2",
      "resolved": "http://registry.npm.taobao.org/moment/download/moment-2.22.2.tgz",
      "integrity": "sha1-PCV/mDn8DpP/UxSWMiOeuQeD/2Y="
    },
    "moo-server": {
      "version": "1.3.0",
      "resolved": "http://registry.npm.taobao.org/moo-server/download/moo-server-1.3.0.tgz",
      "integrity": "sha1-XceVaVZaENbv7VQ5SR5p0jkuWPE="
    },
    "ms": {
      "version": "2.1.1",
      "resolved": "http://registry.npm.taobao.org/ms/download/ms-2.1.1.tgz",
      "integrity": "sha1-MKWGTrPrsKZvLr5tcnrwagnYbgo="
    },
    "multiparty": {
      "version": "4.1.4",
      "resolved": "http://registry.npm.taobao.org/multiparty/download/multiparty-4.1.4.tgz",
      "integrity": "sha1-TJbcvcEeP3kX4WFeZAtLUCK+ZP0=",
      "requires": {
        "fd-slicer": "~1.0.1",
        "safe-buffer": "5.1.2"
      }
    },
    "native-promise-only": {
      "version": "0.8.1",
      "resolved": "http://registry.npm.taobao.org/native-promise-only/download/native-promise-only-0.8.1.tgz",
      "integrity": "sha1-IKMYwwy0X3H+et+/eyHJnBRy7xE="
    },
    "nise": {
      "version": "1.4.1",
      "resolved": "http://registry.npm.taobao.org/nise/download/nise-1.4.1.tgz",
      "integrity": "sha1-eLwrND1f8QMeqdG7LIepTCbbclA=",
      "requires": {
        "@sinonjs/formatio": "^2.0.0",
        "just-extend": "^1.1.27",
        "lolex": "^2.3.2",
        "path-to-regexp": "^1.7.0",
        "text-encoding": "^0.6.4"
      }
    },
    "on-finished": {
      "version": "2.3.0",
      "resolved": "http://registry.npm.taobao.org/on-finished/download/on-finished-2.3.0.tgz",
      "integrity": "sha1-IPEzZIGwg811M3mSoWlxqi2QaUc=",
      "requires": {
        "ee-first": "1.1.1"
      }
    },
    "orm": {
      "version": "4.0.2",
      "resolved": "http://registry.npm.taobao.org/orm/download/orm-4.0.2.tgz",
      "integrity": "sha1-1PN5mfWZ8D/Ir3sHWWuTSLj5ENw=",
      "requires": {
        "async": "2.5.0",
        "bluebird": "^3.5.0",
        "enforce": "0.1.7",
        "hat": "0.0.3",
        "lodash": "4.17.4",
        "path-is-absolute": "1.0.1",
        "sinon": "^3.2.1",
        "sql-ddl-sync": "0.3.13",
        "sql-query": "0.1.26"
      }
    },
    "path-is-absolute": {
      "version": "1.0.1",
      "resolved": "http://registry.npm.taobao.org/path-is-absolute/download/path-is-absolute-1.0.1.tgz",
      "integrity": "sha1-F0uSaHNVNP+8es5r9TpanhtcX18="
    },
    "path-to-regexp": {
      "version": "1.7.0",
      "resolved": "http://registry.npm.taobao.org/path-to-regexp/download/path-to-regexp-1.7.0.tgz",
      "integrity": "sha1-Wf3g9DW62suhA6hOnTvGTpa5k30=",
      "requires": {
        "isarray": "0.0.1"
      }
    },
    "pend": {
      "version": "1.2.0",
      "resolved": "http://registry.npm.taobao.org/pend/download/pend-1.2.0.tgz",
      "integrity": "sha1-elfrVQpng/kRUzH89GY9XI4AelA="
    },
    "promised-io": {
      "version": "0.3.5",
      "resolved": "http://registry.npm.taobao.org/promised-io/download/promised-io-0.3.5.tgz",
      "integrity": "sha1-StIXuzZYvKrplGsXqGaOzYUeE1Y="
    },
    "qs": {
      "version": "6.5.2",
      "resolved": "http://registry.npm.taobao.org/qs/download/qs-6.5.2.tgz",
      "integrity": "sha1-yzroBuh0BERYTvFUzo7pjUA/PjY="
    },
    "safe-buffer": {
      "version": "5.1.2",
      "resolved": "http://registry.npm.taobao.org/safe-buffer/download/safe-buffer-5.1.2.tgz",
      "integrity": "sha1-mR7GnSluAxN0fVm9/St0XDX4go0="
    },
    "samsam": {
      "version": "1.3.0",
      "resolved": "http://registry.npm.taobao.org/samsam/download/samsam-1.3.0.tgz",
      "integrity": "sha1-jR2TUOJWItow3j5EumkrUiGrfFA="
    },
    "sinon": {
      "version": "3.3.0",
      "resolved": "http://registry.npm.taobao.org/sinon/download/sinon-3.3.0.tgz",
      "integrity": "sha1-kTIRG0u+E8dJwoSCEIZCUBZQabE=",
      "requires": {
        "build": "^0.1.4",
        "diff": "^3.1.0",
        "formatio": "1.2.0",
        "lodash.get": "^4.4.2",
        "lolex": "^2.1.2",
        "native-promise-only": "^0.8.1",
        "nise": "^1.0.1",
        "path-to-regexp": "^1.7.0",
        "samsam": "^1.1.3",
        "text-encoding": "0.6.4",
        "type-detect": "^4.0.0"
      }
    },
    "sql-ddl-sync": {
      "version": "0.3.13",
      "resolved": "http://registry.npm.taobao.org/sql-ddl-sync/download/sql-ddl-sync-0.3.13.tgz",
      "integrity": "sha1-E9xvxwn+mBvRzWILRnKk3sUz/MM=",
      "requires": {
        "lodash": "4.17.4"
      }
    },
    "sql-query": {
      "version": "0.1.26",
      "resolved": "http://registry.npm.taobao.org/sql-query/download/sql-query-0.1.26.tgz",
      "integrity": "sha1-yNNYvl2xxJzCBVVYuj32TlpIxEE="
    },
    "stack-trace": {
      "version": "0.0.10",
      "resolved": "http://registry.npm.taobao.org/stack-trace/download/stack-trace-0.0.10.tgz",
      "integrity": "sha1-VHxws0fo0ytOEI6hoqFZ5f3eGcA="
    },
    "text-encoding": {
      "version": "0.6.4",
      "resolved": "http://registry.npm.taobao.org/text-encoding/download/text-encoding-0.6.4.tgz",
      "integrity": "sha1-45mpgiV6J22uQou5KEXLcb3CbRk="
    },
    "timespan": {
      "version": "2.3.0",
      "resolved": "http://registry.npm.taobao.org/timespan/download/timespan-2.3.0.tgz",
      "integrity": "sha1-SQLOBAvRPYRcj1myfp1ZutbzmSk="
    },
    "tmpl": {
      "version": "1.0.4",
      "resolved": "http://registry.npm.taobao.org/tmpl/download/tmpl-1.0.4.tgz",
      "integrity": "sha1-I2QN17QtAEM5ERQIIOXPRA5SHdE="
    },
    "topo": {
      "version": "1.1.0",
      "resolved": "http://registry.npm.taobao.org/topo/download/topo-1.1.0.tgz",
      "integrity": "sha1-6ddRYV0buH3IZdsYL6HKCl71NtU=",
      "requires": {
        "hoek": "2.x.x"
      }
    },
    "type-detect": {
      "version": "4.0.8",
      "resolved": "http://registry.npm.taobao.org/type-detect/download/type-detect-4.0.8.tgz",
      "integrity": "sha1-dkb7XxiHHPu3dJ5pvTmmOI63RQw="
    },
    "type-is": {
      "version": "1.6.16",
      "resolved": "http://registry.npm.taobao.org/type-is/download/type-is-1.6.16.tgz",
      "integrity": "sha1-+JzjQVQcZysl7nrjxz3uOyvlAZQ=",
      "requires": {
        "media-typer": "0.3.0",
        "mime-types": "~2.1.18"
      }
    },
    "uglify-js": {
      "version": "1.3.5",
      "resolved": "http://registry.npm.taobao.org/uglify-js/download/uglify-js-1.3.5.tgz",
      "integrity": "sha1-S1v/+Rhu/7qoiOTJ6UvZ/EyUkp0="
    },
    "walker": {
      "version": "1.0.7",
      "resolved": "http://registry.npm.taobao.org/walker/download/walker-1.0.7.tgz",
      "integrity": "sha1-L3+bj9ENZ3JisYqITijRlhjgKPs=",
      "requires": {
        "makeerror": "1.0.x"
      }
    },
    "winston": {
      "version": "2.4.2",
      "resolved": "http://registry.npm.taobao.org/winston/download/winston-2.4.2.tgz",
      "integrity": "sha1-PKAfdjEW/EjbYQU7dUTnUEMfjbA=",
      "requires": {
        "async": "~1.0.0",
        "colors": "1.0.x",
        "cycle": "1.0.x",
        "eyes": "0.1.x",
        "isstream": "0.1.x",
        "stack-trace": "0.0.x"
      },
      "dependencies": {
        "async": {
          "version": "1.0.0",
          "resolved": "http://registry.npm.taobao.org/async/download/async-1.0.0.tgz",
          "integrity": "sha1-+PwEyjoTeErenhZBr5hXjPvWR6k="
        }
      }
    },
    "wrench": {
      "version": "1.3.9",
      "resolved": "http://registry.npm.taobao.org/wrench/download/wrench-1.3.9.tgz",
      "integrity": "sha1-bxPsNRRTF+spLKX2UxORskQRFBE="
    },
    "xtend": {
      "version": "4.0.1",
      "resolved": "http://registry.npm.taobao.org/xtend/download/xtend-4.0.1.tgz",
      "integrity": "sha1-pcbVMr5lbiPbgg77lDofBJmNY68="
    }
  }
}
